
Microsoft Visual Studio Solution File, Format Version 12.00
# Visual Studio Version 16
VisualStudioVersion = 16.0.29025.244
MinimumVisualStudioVersion = 10.0.40219.1
Project("{9A19103F-16F7-4668-BE54-9A1E7A4F7556}") = "Politecnico", "Politecnico\Politecnico.csproj", "{3369A365-6903-4ACF-8B0E-25A316CF43B0}"
EndProject
Project("{9A19103F-16F7-4668-BE54-9A1E7A4F7556}") = "Service", "Service\Service.csproj", "{99A14BC7-8894-4C47-B8B7-B2CC355A4B07}"
EndProject
Project("{9A19103F-16F7-4668-BE54-9A1E7A4F7556}") = "Model", "Model\Model.csproj", "{DE198E2F-7B8D-43E5-B4B5-085C6A58C0A0}"
EndProject
Project("{FAE04EC0-301F-11D3-BF4B-00C04F79EFBC}") = "Persistences", "Persistences\Persistences.csproj", "{E2FC88D7-D1CC-4DC1-922E-44A8EC5835DC}"
EndProject
Project("{FAE04EC0-301F-11D3-BF4B-00C04F79EFBC}") = "Persistence", "Persistence\Persistence.csproj", "{F7A1AEDA-DA32-43EB-9A30-F5EC898E29E5}"
EndProject
Global
	GlobalSection(SolutionConfigurationPlatforms) = preSolution
		Debug|Any CPU = Debug|Any CPU
		Release|Any CPU = Release|Any CPU
	EndGlobalSection
	GlobalSection(ProjectConfigurationPlatforms) = postSolution
		{3369A365-6903-4ACF-8B0E-25A316CF43B0}.Debug|Any CPU.ActiveCfg = Debug|Any CPU
		{3369A365-6903-4ACF-8B0E-25A316CF43B0}.Debug|Any CPU.Build.0 = Debug|Any CPU
		{3369A365-6903-4ACF-8B0E-25A316CF43B0}.Release|Any CPU.ActiveCfg = Release|Any CPU
		{3369A365-6903-4ACF-8B0E-25A316CF43B0}.Release|Any CPU.Build.0 = Release|Any CPU
		{99A14BC7-8894-4C47-B8B7-B2CC355A4B07}.Debug|Any CPU.ActiveCfg = Debug|Any CPU
		{99A14BC7-8894-4C47-B8B7-B2CC355A4B07}.Debug|Any CPU.Build.0 = Debug|Any CPU
		{99A14BC7-8894-4C47-B8B7-B2CC355A4B07}.Release|Any CPU.ActiveCfg = Release|Any CPU
		{99A14BC7-8894-4C47-B8B7-B2CC355A4B07}.Release|Any CPU.Build.0 = Release|Any CPU
		{DE198E2F-7B8D-43E5-B4B5-085C6A58C0A0}.Debug|Any CPU.ActiveCfg = Debug|Any CPU
		{DE198E2F-7B8D-43E5-B4B5-085C6A58C0A0}.Debug|Any CPU.Build.0 = Debug|Any CPU
		{DE198E2F-7B8D-43E5-B4B5-085C6A58C0A0}.Release|Any CPU.ActiveCfg = Release|Any CPU
		{DE198E2F-7B8D-43E5-B4B5-085C6A58C0A0}.Release|Any CPU.Build.0 = Release|Any CPU
		{E2FC88D7-D1CC-4DC1-922E-44A8EC5835DC}.Debug|Any CPU.ActiveCfg = Debug|Any CPU
		{E2FC88D7-D1CC-4DC1-922E-44A8EC5835DC}.Debug|Any CPU.Build.0 = Debug|Any CPU
		{E2FC88D7-D1CC-4DC1-922E-44A8EC5835DC}.Release|Any CPU.ActiveCfg = Release|Any CPU
		{E2FC88D7-D1CC-4DC1-922E-44A8EC5835DC}.Release|Any CPU.Build.0 = Release|Any CPU
		{F7A1AEDA-DA32-43EB-9A30-F5EC898E29E5}.Debug|Any CPU.ActiveCfg = Debug|Any CPU
		{F7A1AEDA-DA32-43EB-9A30-F5EC898E29E5}.Debug|Any CPU.Build.0 = Debug|Any CPU
		{F7A1AEDA-DA32-43EB-9A30-F5EC898E29E5}.Release|Any CPU.ActiveCfg = Release|Any CPU
		{F7A1AEDA-DA32-43EB-9A30-F5EC898E29E5}.Release|Any CPU.Build.0 = Release|Any CPU
	EndGlobalSection
	GlobalSection(SolutionProperties) = preSolution
		HideSolutionNode = FALSE
	EndGlobalSection
	GlobalSection(ExtensibilityGlobals) = postSolution
		SolutionGuid = {EA62A3FB-1B83-48A0-919B-9649EA532883}
	EndGlobalSection
EndGlobal
